<?xml version="1.0" encoding="utf-8"?>
<Project ToolsVersion="4.0" xmlns="http://schemas.microsoft.com/developer/msbuild/2003">
  <ItemGroup>
    <Filter Include="源文件">
      <UniqueIdentifier>{4FC737F1-C7A5-4376-A066-2A32D752A2FF}</UniqueIdentifier>
      <Extensions>cpp;c;cc;cxx;def;odl;idl;hpj;bat;asm;asmx</Extensions>
    </Filter>
    <Filter Include="头文件">
      <UniqueIdentifier>{93995380-89BD-4b04-88EB-625FBE52EBFB}</UniqueIdentifier>
      <Extensions>h;hh;hpp;hxx;hm;inl;inc;ipp;xsd</Extensions>
    </Filter>
    <Filter Include="资源文件">
      <UniqueIdentifier>{67DA6AB6-F800-4c08-8B7A-83BB121AAD01}</UniqueIdentifier>
      <Extensions>rc;ico;cur;bmp;dlg;rc2;rct;bin;rgs;gif;jpg;jpeg;jpe;resx;tiff;tif;png;wav;mfcribbon-ms</Extensions>
    </Filter>
  </ItemGroup>
  <ItemGroup>
    <ClInclude Include="export.h">
      <Filter>头文件</Filter>
    </ClInclude>
    <ClInclude Include="AlphaFunc.h">
      <Filter>头文件</Filter>
    </ClInclude>
    <ClInclude Include="Array.h">
      <Filter>头文件</Filter>
    </ClInclude>
    <ClInclude Include="BlendFunc.h">
      <Filter>头文件</Filter>
    </ClInclude>
    <ClInclude Include="BoundingBox.h">
      <Filter>头文件</Filter>
    </ClInclude>
    <ClInclude Include="BoundingSphere.h">
      <Filter>头文件</Filter>
    </ClInclude>
    <ClInclude Include="BoundsChecking.h">
      <Filter>头文件</Filter>
    </ClInclude>
    <ClInclude Include="Camera.h">
      <Filter>头文件</Filter>
    </ClInclude>
    <ClInclude Include="ColorMatrix.h">
      <Filter>头文件</Filter>
    </ClInclude>
    <ClInclude Include="CopyOp.h">
      <Filter>头文件</Filter>
    </ClInclude>
    <ClInclude Include="DisplaySettings.h">
      <Filter>头文件</Filter>
    </ClInclude>
    <ClInclude Include="EarthSky.h">
      <Filter>头文件</Filter>
    </ClInclude>
    <ClInclude Include="fast_back_stack.h">
      <Filter>头文件</Filter>
    </ClInclude>
    <ClInclude Include="Fog.h">
      <Filter>头文件</Filter>
    </ClInclude>
    <ClInclude Include="FrameStamp.h">
      <Filter>头文件</Filter>
    </ClInclude>
    <ClInclude Include="GL.h">
      <Filter>头文件</Filter>
    </ClInclude>
    <ClInclude Include="GLExtensions.h">
      <Filter>头文件</Filter>
    </ClInclude>
    <ClInclude Include="GLU.h">
      <Filter>头文件</Filter>
    </ClInclude>
    <ClInclude Include="Image.h">
      <Filter>头文件</Filter>
    </ClInclude>
    <ClInclude Include="Light.h">
      <Filter>头文件</Filter>
    </ClInclude>
    <ClInclude Include="LineSegment.h">
      <Filter>头文件</Filter>
    </ClInclude>
    <ClInclude Include="LineStipple.h">
      <Filter>头文件</Filter>
    </ClInclude>
    <ClInclude Include="LineWidth.h">
      <Filter>头文件</Filter>
    </ClInclude>
    <ClInclude Include="Material.h">
      <Filter>头文件</Filter>
    </ClInclude>
    <ClInclude Include="Math.h">
      <Filter>头文件</Filter>
    </ClInclude>
    <ClInclude Include="Matrix.h">
      <Filter>头文件</Filter>
    </ClInclude>
    <ClInclude Include="MatrixTransform.h">
      <Filter>头文件</Filter>
    </ClInclude>
    <ClInclude Include="MemoryManager.h">
      <Filter>头文件</Filter>
    </ClInclude>
    <ClInclude Include="Node.h">
      <Filter>头文件</Filter>
    </ClInclude>
    <ClInclude Include="NodeCallback.h">
      <Filter>头文件</Filter>
    </ClInclude>
    <ClInclude Include="NodeVisitor.h">
      <Filter>头文件</Filter>
    </ClInclude>
    <ClInclude Include="Notify.h">
      <Filter>头文件</Filter>
    </ClInclude>
    <ClInclude Include="Object.h">
      <Filter>头文件</Filter>
    </ClInclude>
    <ClInclude Include="Plane.h">
      <Filter>头文件</Filter>
    </ClInclude>
    <ClInclude Include="Point.h">
      <Filter>头文件</Filter>
    </ClInclude>
    <ClInclude Include="Projection.h">
      <Filter>头文件</Filter>
    </ClInclude>
    <ClInclude Include="Quat.h">
      <Filter>头文件</Filter>
    </ClInclude>
    <ClInclude Include="ref_ptr.h">
      <Filter>头文件</Filter>
    </ClInclude>
    <ClInclude Include="Referenced.h">
      <Filter>头文件</Filter>
    </ClInclude>
    <ClInclude Include="StateAttribute.h">
      <Filter>头文件</Filter>
    </ClInclude>
    <ClInclude Include="TexEnv.h">
      <Filter>头文件</Filter>
    </ClInclude>
    <ClInclude Include="TexGen.h">
      <Filter>头文件</Filter>
    </ClInclude>
    <ClInclude Include="TexMat.h">
      <Filter>头文件</Filter>
    </ClInclude>
    <ClInclude Include="Timer.h">
      <Filter>头文件</Filter>
    </ClInclude>
    <ClInclude Include="Transform.h">
      <Filter>头文件</Filter>
    </ClInclude>
    <ClInclude Include="Transparency.h">
      <Filter>头文件</Filter>
    </ClInclude>
    <ClInclude Include="Types.h">
      <Filter>头文件</Filter>
    </ClInclude>
    <ClInclude Include="UByte4.h">
      <Filter>头文件</Filter>
    </ClInclude>
    <ClInclude Include="Vec2.h">
      <Filter>头文件</Filter>
    </ClInclude>
    <ClInclude Include="Vec3.h">
      <Filter>头文件</Filter>
    </ClInclude>
    <ClInclude Include="Vec4.h">
      <Filter>头文件</Filter>
    </ClInclude>
    <ClInclude Include="Version.h">
      <Filter>头文件</Filter>
    </ClInclude>
    <ClInclude Include="Viewport.h">
      <Filter>头文件</Filter>
    </ClInclude>
    <ClInclude Include="Group.h">
      <Filter>头文件</Filter>
    </ClInclude>
    <ClInclude Include="AnimationPath.h">
      <Filter>头文件</Filter>
    </ClInclude>
  </ItemGroup>
  <ItemGroup>
    <ClCompile Include="AlphaFunc.cpp">
      <Filter>源文件</Filter>
    </ClCompile>
    <ClCompile Include="Array.cpp">
      <Filter>源文件</Filter>
    </ClCompile>
    <ClCompile Include="BlendFunc.cpp">
      <Filter>源文件</Filter>
    </ClCompile>
    <ClCompile Include="BoundingBox.cpp">
      <Filter>源文件</Filter>
    </ClCompile>
    <ClCompile Include="BoundingSphere.cpp">
      <Filter>源文件</Filter>
    </ClCompile>
    <ClCompile Include="Camera.cpp">
      <Filter>源文件</Filter>
    </ClCompile>
    <ClCompile Include="ClipPlane.cpp">
      <Filter>源文件</Filter>
    </ClCompile>
    <ClCompile Include="ColorMatrix.cpp">
      <Filter>源文件</Filter>
    </ClCompile>
    <ClCompile Include="CopyOp.cpp">
      <Filter>源文件</Filter>
    </ClCompile>
    <ClCompile Include="DisplaySettings.cpp">
      <Filter>源文件</Filter>
    </ClCompile>
    <ClCompile Include="EarthSky.cpp">
      <Filter>源文件</Filter>
    </ClCompile>
    <ClCompile Include="Fog.cpp">
      <Filter>源文件</Filter>
    </ClCompile>
    <ClCompile Include="FrameStamp.cpp">
      <Filter>源文件</Filter>
    </ClCompile>
    <ClCompile Include="LineSegment.cpp">
      <Filter>源文件</Filter>
    </ClCompile>
    <ClCompile Include="LineStipple.cpp">
      <Filter>源文件</Filter>
    </ClCompile>
    <ClCompile Include="LineWidth.cpp">
      <Filter>源文件</Filter>
    </ClCompile>
    <ClCompile Include="Material.cpp">
      <Filter>源文件</Filter>
    </ClCompile>
    <ClCompile Include="Matrix.cpp">
      <Filter>源文件</Filter>
    </ClCompile>
    <ClCompile Include="MatrixTransform.cpp">
      <Filter>源文件</Filter>
    </ClCompile>
    <ClCompile Include="Notify.cpp">
      <Filter>源文件</Filter>
    </ClCompile>
    <ClCompile Include="Object.cpp">
      <Filter>源文件</Filter>
    </ClCompile>
    <ClCompile Include="Point.cpp">
      <Filter>源文件</Filter>
    </ClCompile>
    <ClCompile Include="Projection.cpp">
      <Filter>源文件</Filter>
    </ClCompile>
    <ClCompile Include="Quat.cpp">
      <Filter>源文件</Filter>
    </ClCompile>
    <ClCompile Include="TexEnv.cpp">
      <Filter>源文件</Filter>
    </ClCompile>
    <ClCompile Include="TexGen.cpp">
      <Filter>源文件</Filter>
    </ClCompile>
    <ClCompile Include="TexMat.cpp">
      <Filter>源文件</Filter>
    </ClCompile>
    <ClCompile Include="Timer.cpp">
      <Filter>源文件</Filter>
    </ClCompile>
    <ClCompile Include="Transform.cpp">
      <Filter>源文件</Filter>
    </ClCompile>
    <ClCompile Include="Version.cpp">
      <Filter>源文件</Filter>
    </ClCompile>
    <ClCompile Include="Viewport.cpp">
      <Filter>源文件</Filter>
    </ClCompile>
    <ClCompile Include="AnimationPath.cpp">
      <Filter>源文件</Filter>
    </ClCompile>
  </ItemGroup>
</Project>